
Microsoft Visual Studio Solution File, Format Version 12.00
# Visual Studio Version 16
VisualStudioVersion = 16.0.31005.135
MinimumVisualStudioVersion = 10.0.40219.1
Project("{FAE04EC0-301F-11D3-BF4B-00C04F79EFBC}") = "Active8-CancelAllMemberships", "Active8-CancelAllMemberships\Active8-CancelAllMemberships.csproj", "{EB3903C5-2393-4335-90D5-D0DA46E73462}"
EndProject
Global
	GlobalSection(SolutionConfigurationPlatforms) = preSolution
		Debug|Any CPU = Debug|Any CPU
		Release|Any CPU = Release|Any CPU
	EndGlobalSection
	GlobalSection(ProjectConfigurationPlatforms) = postSolution
		{EB3903C5-2393-4335-90D5-D0DA46E73462}.Debug|Any CPU.ActiveCfg = Debug|Any CPU
		{EB3903C5-2393-4335-90D5-D0DA46E73462}.Debug|Any CPU.Build.0 = Debug|Any CPU
		{EB3903C5-2393-4335-90D5-D0DA46E73462}.Release|Any CPU.ActiveCfg = Release|Any CPU
		{EB3903C5-2393-4335-90D5-D0DA46E73462}.Release|Any CPU.Build.0 = Release|Any CPU
	EndGlobalSection
	GlobalSection(SolutionProperties) = preSolution
		HideSolutionNode = FALSE
	EndGlobalSection
	GlobalSection(ExtensibilityGlobals) = postSolution
		SolutionGuid = {6D48EE7F-D28B-4575-9E04-3C0027C20CBC}
	EndGlobalSection
EndGlobal
